
Microsoft Visual Studio Solution File, Format Version 12.00
# Visual Studio 15
VisualStudioVersion = 15.0.26124.0
MinimumVisualStudioVersion = 15.0.26124.0
Project("{FAE04EC0-301F-11D3-BF4B-00C04F79EFBC}") = "Domain", "Domain\Domain.csproj", "{739540B5-30B5-4B40-BA7F-F1F31CD492B0}"
EndProject
Project("{FAE04EC0-301F-11D3-BF4B-00C04F79EFBC}") = "Application", "Application\Application.csproj", "{7F7C3D19-CDCD-4CF4-8F44-976F0EFD71A3}"
EndProject
Project("{FAE04EC0-301F-11D3-BF4B-00C04F79EFBC}") = "Infrastructure", "Infrastructure\Infrastructure.csproj", "{4D6A355F-8B7C-4433-B496-8E486495E1C1}"
EndProject
Project("{FAE04EC0-301F-11D3-BF4B-00C04F79EFBC}") = "WebApi", "WebApi\WebApi.csproj", "{096CB3ED-FC2D-4026-BD1A-B006258C0223}"
EndProject
Project("{FAE04EC0-301F-11D3-BF4B-00C04F79EFBC}") = "Shared", "Shared\Shared.csproj", "{7A81FB7B-6E56-45B3-B970-F1027F4A0F0B}"
EndProject
Project("{FAE04EC0-301F-11D3-BF4B-00C04F79EFBC}") = "Web", "Web\Web.csproj", "{F82D7086-70FE-417C-B246-ED996663B468}"
EndProject
Global
	GlobalSection(SolutionConfigurationPlatforms) = preSolution
		Debug|Any CPU = Debug|Any CPU
		Debug|x64 = Debug|x64
		Debug|x86 = Debug|x86
		Release|Any CPU = Release|Any CPU
		Release|x64 = Release|x64
		Release|x86 = Release|x86
	EndGlobalSection
	GlobalSection(SolutionProperties) = preSolution
		HideSolutionNode = FALSE
	EndGlobalSection
	GlobalSection(ProjectConfigurationPlatforms) = postSolution
		{739540B5-30B5-4B40-BA7F-F1F31CD492B0}.Debug|Any CPU.ActiveCfg = Debug|Any CPU
		{739540B5-30B5-4B40-BA7F-F1F31CD492B0}.Debug|Any CPU.Build.0 = Debug|Any CPU
		{739540B5-30B5-4B40-BA7F-F1F31CD492B0}.Debug|x64.ActiveCfg = Debug|Any CPU
		{739540B5-30B5-4B40-BA7F-F1F31CD492B0}.Debug|x64.Build.0 = Debug|Any CPU
		{739540B5-30B5-4B40-BA7F-F1F31CD492B0}.Debug|x86.ActiveCfg = Debug|Any CPU
		{739540B5-30B5-4B40-BA7F-F1F31CD492B0}.Debug|x86.Build.0 = Debug|Any CPU
		{739540B5-30B5-4B40-BA7F-F1F31CD492B0}.Release|Any CPU.ActiveCfg = Release|Any CPU
		{739540B5-30B5-4B40-BA7F-F1F31CD492B0}.Release|Any CPU.Build.0 = Release|Any CPU
		{739540B5-30B5-4B40-BA7F-F1F31CD492B0}.Release|x64.ActiveCfg = Release|Any CPU
		{739540B5-30B5-4B40-BA7F-F1F31CD492B0}.Release|x64.Build.0 = Release|Any CPU
		{739540B5-30B5-4B40-BA7F-F1F31CD492B0}.Release|x86.ActiveCfg = Release|Any CPU
		{739540B5-30B5-4B40-BA7F-F1F31CD492B0}.Release|x86.Build.0 = Release|Any CPU
		{7F7C3D19-CDCD-4CF4-8F44-976F0EFD71A3}.Debug|Any CPU.ActiveCfg = Debug|Any CPU
		{7F7C3D19-CDCD-4CF4-8F44-976F0EFD71A3}.Debug|Any CPU.Build.0 = Debug|Any CPU
		{7F7C3D19-CDCD-4CF4-8F44-976F0EFD71A3}.Debug|x64.ActiveCfg = Debug|Any CPU
		{7F7C3D19-CDCD-4CF4-8F44-976F0EFD71A3}.Debug|x64.Build.0 = Debug|Any CPU
		{7F7C3D19-CDCD-4CF4-8F44-976F0EFD71A3}.Debug|x86.ActiveCfg = Debug|Any CPU
		{7F7C3D19-CDCD-4CF4-8F44-976F0EFD71A3}.Debug|x86.Build.0 = Debug|Any CPU
		{7F7C3D19-CDCD-4CF4-8F44-976F0EFD71A3}.Release|Any CPU.ActiveCfg = Release|Any CPU
		{7F7C3D19-CDCD-4CF4-8F44-976F0EFD71A3}.Release|Any CPU.Build.0 = Release|Any CPU
		{7F7C3D19-CDCD-4CF4-8F44-976F0EFD71A3}.Release|x64.ActiveCfg = Release|Any CPU
		{7F7C3D19-CDCD-4CF4-8F44-976F0EFD71A3}.Release|x64.Build.0 = Release|Any CPU
		{7F7C3D19-CDCD-4CF4-8F44-976F0EFD71A3}.Release|x86.ActiveCfg = Release|Any CPU
		{7F7C3D19-CDCD-4CF4-8F44-976F0EFD71A3}.Release|x86.Build.0 = Release|Any CPU
		{4D6A355F-8B7C-4433-B496-8E486495E1C1}.Debug|Any CPU.ActiveCfg = Debug|Any CPU
		{4D6A355F-8B7C-4433-B496-8E486495E1C1}.Debug|Any CPU.Build.0 = Debug|Any CPU
		{4D6A355F-8B7C-4433-B496-8E486495E1C1}.Debug|x64.ActiveCfg = Debug|Any CPU
		{4D6A355F-8B7C-4433-B496-8E486495E1C1}.Debug|x64.Build.0 = Debug|Any CPU
		{4D6A355F-8B7C-4433-B496-8E486495E1C1}.Debug|x86.ActiveCfg = Debug|Any CPU
		{4D6A355F-8B7C-4433-B496-8E486495E1C1}.Debug|x86.Build.0 = Debug|Any CPU
		{4D6A355F-8B7C-4433-B496-8E486495E1C1}.Release|Any CPU.ActiveCfg = Release|Any CPU
		{4D6A355F-8B7C-4433-B496-8E486495E1C1}.Release|Any CPU.Build.0 = Release|Any CPU
		{4D6A355F-8B7C-4433-B496-8E486495E1C1}.Release|x64.ActiveCfg = Release|Any CPU
		{4D6A355F-8B7C-4433-B496-8E486495E1C1}.Release|x64.Build.0 = Release|Any CPU
		{4D6A355F-8B7C-4433-B496-8E486495E1C1}.Release|x86.ActiveCfg = Release|Any CPU
		{4D6A355F-8B7C-4433-B496-8E486495E1C1}.Release|x86.Build.0 = Release|Any CPU
		{096CB3ED-FC2D-4026-BD1A-B006258C0223}.Debug|Any CPU.ActiveCfg = Debug|Any CPU
		{096CB3ED-FC2D-4026-BD1A-B006258C0223}.Debug|Any CPU.Build.0 = Debug|Any CPU
		{096CB3ED-FC2D-4026-BD1A-B006258C0223}.Debug|x64.ActiveCfg = Debug|Any CPU
		{096CB3ED-FC2D-4026-BD1A-B006258C0223}.Debug|x64.Build.0 = Debug|Any CPU
		{096CB3ED-FC2D-4026-BD1A-B006258C0223}.Debug|x86.ActiveCfg = Debug|Any CPU
		{096CB3ED-FC2D-4026-BD1A-B006258C0223}.Debug|x86.Build.0 = Debug|Any CPU
		{096CB3ED-FC2D-4026-BD1A-B006258C0223}.Release|Any CPU.ActiveCfg = Release|Any CPU
		{096CB3ED-FC2D-4026-BD1A-B006258C0223}.Release|Any CPU.Build.0 = Release|Any CPU
		{096CB3ED-FC2D-4026-BD1A-B006258C0223}.Release|x64.ActiveCfg = Release|Any CPU
		{096CB3ED-FC2D-4026-BD1A-B006258C0223}.Release|x64.Build.0 = Release|Any CPU
		{096CB3ED-FC2D-4026-BD1A-B006258C0223}.Release|x86.ActiveCfg = Release|Any CPU
		{096CB3ED-FC2D-4026-BD1A-B006258C0223}.Release|x86.Build.0 = Release|Any CPU
		{7A81FB7B-6E56-45B3-B970-F1027F4A0F0B}.Debug|Any CPU.ActiveCfg = Debug|Any CPU
		{7A81FB7B-6E56-45B3-B970-F1027F4A0F0B}.Debug|Any CPU.Build.0 = Debug|Any CPU
		{7A81FB7B-6E56-45B3-B970-F1027F4A0F0B}.Debug|x64.ActiveCfg = Debug|Any CPU
		{7A81FB7B-6E56-45B3-B970-F1027F4A0F0B}.Debug|x64.Build.0 = Debug|Any CPU
		{7A81FB7B-6E56-45B3-B970-F1027F4A0F0B}.Debug|x86.ActiveCfg = Debug|Any CPU
		{7A81FB7B-6E56-45B3-B970-F1027F4A0F0B}.Debug|x86.Build.0 = Debug|Any CPU
		{7A81FB7B-6E56-45B3-B970-F1027F4A0F0B}.Release|Any CPU.ActiveCfg = Release|Any CPU
		{7A81FB7B-6E56-45B3-B970-F1027F4A0F0B}.Release|Any CPU.Build.0 = Release|Any CPU
		{7A81FB7B-6E56-45B3-B970-F1027F4A0F0B}.Release|x64.ActiveCfg = Release|Any CPU
		{7A81FB7B-6E56-45B3-B970-F1027F4A0F0B}.Release|x64.Build.0 = Release|Any CPU
		{7A81FB7B-6E56-45B3-B970-F1027F4A0F0B}.Release|x86.ActiveCfg = Release|Any CPU
		{7A81FB7B-6E56-45B3-B970-F1027F4A0F0B}.Release|x86.Build.0 = Release|Any CPU
		{F82D7086-70FE-417C-B246-ED996663B468}.Debug|Any CPU.ActiveCfg = Debug|Any CPU
		{F82D7086-70FE-417C-B246-ED996663B468}.Debug|Any CPU.Build.0 = Debug|Any CPU
		{F82D7086-70FE-417C-B246-ED996663B468}.Debug|x64.ActiveCfg = Debug|Any CPU
		{F82D7086-70FE-417C-B246-ED996663B468}.Debug|x64.Build.0 = Debug|Any CPU
		{F82D7086-70FE-417C-B246-ED996663B468}.Debug|x86.ActiveCfg = Debug|Any CPU
		{F82D7086-70FE-417C-B246-ED996663B468}.Debug|x86.Build.0 = Debug|Any CPU
		{F82D7086-70FE-417C-B246-ED996663B468}.Release|Any CPU.ActiveCfg = Release|Any CPU
		{F82D7086-70FE-417C-B246-ED996663B468}.Release|Any CPU.Build.0 = Release|Any CPU
		{F82D7086-70FE-417C-B246-ED996663B468}.Release|x64.ActiveCfg = Release|Any CPU
		{F82D7086-70FE-417C-B246-ED996663B468}.Release|x64.Build.0 = Release|Any CPU
		{F82D7086-70FE-417C-B246-ED996663B468}.Release|x86.ActiveCfg = Release|Any CPU
		{F82D7086-70FE-417C-B246-ED996663B468}.Release|x86.Build.0 = Release|Any CPU
	EndGlobalSection
EndGlobal
